
Microsoft Visual Studio Solution File, Format Version 12.00
# Visual Studio Version 16
VisualStudioVersion = 16.0.30804.86
MinimumVisualStudioVersion = 10.0.40219.1
Project("{9A19103F-16F7-4668-BE54-9A1E7A4F7556}") = "singer-transform", "singer-transform\singer-transform.csproj", "{3ADA60A4-21FC-418B-8A38-A1DA1E0C33D9}"
EndProject
Project("{9A19103F-16F7-4668-BE54-9A1E7A4F7556}") = "singer-transform-tests", "singer-transform-tests\singer-transform-tests.csproj", "{974277B2-027A-4D9C-8EAA-1357A8B061D1}"
EndProject
Project("{2150E333-8FDC-42A3-9474-1A3956D46DE8}") = "Solution Items", "Solution Items", "{FDBBCB38-9B89-4326-8017-8A6BF8E074A5}"
	ProjectSection(SolutionItems) = preProject
		README.md = README.md
	EndProjectSection
EndProject
Global
	GlobalSection(SolutionConfigurationPlatforms) = preSolution
		Debug|Any CPU = Debug|Any CPU
		Release|Any CPU = Release|Any CPU
	EndGlobalSection
	GlobalSection(ProjectConfigurationPlatforms) = postSolution
		{3ADA60A4-21FC-418B-8A38-A1DA1E0C33D9}.Debug|Any CPU.ActiveCfg = Debug|Any CPU
		{3ADA60A4-21FC-418B-8A38-A1DA1E0C33D9}.Debug|Any CPU.Build.0 = Debug|Any CPU
		{3ADA60A4-21FC-418B-8A38-A1DA1E0C33D9}.Release|Any CPU.ActiveCfg = Release|Any CPU
		{3ADA60A4-21FC-418B-8A38-A1DA1E0C33D9}.Release|Any CPU.Build.0 = Release|Any CPU
		{974277B2-027A-4D9C-8EAA-1357A8B061D1}.Debug|Any CPU.ActiveCfg = Debug|Any CPU
		{974277B2-027A-4D9C-8EAA-1357A8B061D1}.Debug|Any CPU.Build.0 = Debug|Any CPU
		{974277B2-027A-4D9C-8EAA-1357A8B061D1}.Release|Any CPU.ActiveCfg = Release|Any CPU
		{974277B2-027A-4D9C-8EAA-1357A8B061D1}.Release|Any CPU.Build.0 = Release|Any CPU
	EndGlobalSection
	GlobalSection(SolutionProperties) = preSolution
		HideSolutionNode = FALSE
	EndGlobalSection
	GlobalSection(ExtensibilityGlobals) = postSolution
		SolutionGuid = {EBB03E5D-5BA3-4623-A949-0EB317596D83}
	EndGlobalSection
EndGlobal
